// !$*UTF8*$!
{
	archiveVersion = 1;
	classes = {
	};
	objectVersion = 46;
	objects = {

/* Begin PBXBuildFile section */
		D61BCE961E8BEF9B00991275 /* AppDelegate.swift in Sources */ = {isa = PBXBuildFile; fileRef = D61BCE951E8BEF9B00991275 /* AppDelegate.swift */; };
		D61BCE981E8BEF9B00991275 /* ViewController.swift in Sources */ = {isa = PBXBuildFile; fileRef = D61BCE971E8BEF9B00991275 /* ViewController.swift */; };
		D61BCE9B1E8BEF9B00991275 /* Main.storyboard in Resources */ = {isa = PBXBuildFile; fileRef = D61BCE991E8BEF9B00991275 /* Main.storyboard */; };
		D61BCE9D1E8BEF9B00991275 /* Assets.xcassets in Resources */ = {isa = PBXBuildFile; fileRef = D61BCE9C1E8BEF9B00991275 /* Assets.xcassets */; };
		D61BCEA01E8BEF9B00991275 /* LaunchScreen.storyboard in Resources */ = {isa = PBXBuildFile; fileRef = D61BCE9E1E8BEF9B00991275 /* LaunchScreen.storyboard */; };
		D687D7CB1EB0F05E0074955B /* Connexion.swift in Sources */ = {isa = PBXBuildFile; fileRef = D687D7CA1EB0F05E0074955B /* Connexion.swift */; };
/* End PBXBuildFile section */

/* Begin PBXFileReference section */
		D61BCE921E8BEF9B00991275 /* iMapContacts.app */ = {isa = PBXFileReference; explicitFileType = wrapper.application; includeInIndex = 0; path = iMapContacts.app; sourceTree = BUILT_PRODUCTS_DIR; };
		D61BCE951E8BEF9B00991275 /* AppDelegate.swift */ = {isa = PBXFileReference; lastKnownFileType = sourcecode.swift; path = AppDelegate.swift; sourceTree = "<group>"; };
		D61BCE971E8BEF9B00991275 /* ViewController.swift */ = {isa = PBXFileReference; lastKnownFileType = sourcecode.swift; path = ViewController.swift; sourceTree = "<group>"; };
		D61BCE9A1E8BEF9B00991275 /* Base */ = {isa = PBXFileReference; lastKnownFileType = file.storyboard; name = Base; path = Base.lproj/Main.storyboard; sourceTree = "<group>"; };
		D61BCE9C1E8BEF9B00991275 /* Assets.xcassets */ = {isa = PBXFileReference; lastKnownFileType = folder.assetcatalog; path = Assets.xcassets; sourceTree = "<group>"; };
		D61BCE9F1E8BEF9B00991275 /* Base */ = {isa = PBXFileReference; lastKnownFileType = file.storyboard; name = Base; path = Base.lproj/LaunchScreen.storyboard; sourceTree = "<group>"; };
		D61BCEA11E8BEF9B00991275 /* Info.plist */ = {isa = PBXFileReference; lastKnownFileType = text.plist.xml; path = Info.plist; sourceTree = "<group>"; };
		D687D7CA1EB0F05E0074955B /* Connexion.swift */ = {isa = PBXFileReference; fileEncoding = 4; lastKnownFileType = sourcecode.swift; name = Connexion.swift; path = ../Connexion.swift; sourceTree = "<group>"; };
/* End PBXFileReference section */

/* Begin PBXFrameworksBuildPhase section */
		D61BCE8F1E8BEF9B00991275 /* Frameworks */ = {
			isa = PBXFrameworksBuildPhase;
			buildActionMask = 2147483647;
			files = (
			);
			runOnlyForDeploymentPostprocessing = 0;
		};
/* End PBXFrameworksBuildPhase section */

/* Begin PBXGroup section */
		D61BCE891E8BEF9B00991275 = {
			isa = PBXGroup;
			children = (
				D61BCE941E8BEF9B00991275 /* iMapContacts */,
				D61BCE931E8BEF9B00991275 /* Products */,
			);
			sourceTree = "<group>";
		};
		D61BCE931E8BEF9B00991275 /* Products */ = {
			isa = PBXGroup;
			children = (
				D61BCE921E8BEF9B00991275 /* iMapContacts.app */,
			);
			name = Products;
			sourceTree = "<group>";
		};
		D61BCE941E8BEF9B00991275 /* iMapContacts */ = {
			isa = PBXGroup;
			children = (
				D687D7CA1EB0F05E0074955B /* Connexion.swift */,
				D61BCE951E8BEF9B00991275 /* AppDelegate.swift */,
				D61BCE971E8BEF9B00991275 /* ViewController.swift */,
				D61BCE991E8BEF9B00991275 /* Main.storyboard */,
				D61BCE9C1E8BEF9B00991275 /* Assets.xcassets */,
				D61BCE9E1E8BEF9B00991275 /* LaunchScreen.storyboard */,
				D61BCEA11E8BEF9B00991275 /* Info.plist */,
			);
			path = iMapContacts;
			sourceTree = "<group>";
		};
/* End PBXGroup section */

/* Begin PBXNativeTarget section */
		D61BCE911E8BEF9B00991275 /* iMapContacts */ = {
			isa = PBXNativeTarget;
			buildConfigurationList = D61BCEA41E8BEF9B00991275 /* Build configuration list for PBXNativeTarget "iMapContacts" */;
			buildPhases = (
				D61BCE8E1E8BEF9B00991275 /* Sources */,
				D61BCE8F1E8BEF9B00991275 /* Frameworks */,
				D61BCE901E8BEF9B00991275 /* Resources */,
			);
			buildRules = (
			);
			dependencies = (
			);
			name = iMapContacts;
			productName = iMapContacts;
			productReference = D61BCE921E8BEF9B00991275 /* iMapContacts.app */;
			productType = "com.apple.product-type.application";
		};
/* End PBXNativeTarget section */

/* Begin PBXProject section */
		D61BCE8A1E8BEF9B00991275 /* Project object */ = {
			isa = PBXProject;
			attributes = {
				LastSwiftUpdateCheck = 0800;
				LastUpgradeCheck = 0800;
				ORGANIZATIONNAME = m2sar;
				TargetAttributes = {
					D61BCE911E8BEF9B00991275 = {
						CreatedOnToolsVersion = 8.0;
						ProvisioningStyle = Automatic;
					};
				};
			};
			buildConfigurationList = D61BCE8D1E8BEF9B00991275 /* Build configuration list for PBXProject "iMapContacts" */;
			compatibilityVersion = "Xcode 3.2";
			developmentRegion = English;
			hasScannedForEncodings = 0;
			knownRegions = (
				en,
				Base,
			);
			mainGroup = D61BCE891E8BEF9B00991275;
			productRefGroup = D61BCE931E8BEF9B00991275 /* Products */;
			projectDirPath = "";
			projectRoot = "";
			targets = (
				D61BCE911E8BEF9B00991275 /* iMapContacts */,
			);
		};
/* End PBXProject section */

/* Begin PBXResourcesBuildPhase section */
		D61BCE901E8BEF9B00991275 /* Resources */ = {
			isa = PBXResourcesBuildPhase;
			buildActionMask = 2147483647;
			files = (
				D61BCEA01E8BEF9B00991275 /* LaunchScreen.storyboard in Resources */,
				D61BCE9D1E8BEF9B00991275 /* Assets.xcassets in Resources */,
				D61BCE9B1E8BEF9B00991275 /* Main.storyboard in Resources */,
			);
			runOnlyForDeploymentPostprocessing = 0;
		};
/* End PBXResourcesBuildPhase section */

/* Begin PBXSourcesBuildPhase section */
		D61BCE8E1E8BEF9B00991275 /* Sources */ = {
			isa = PBXSourcesBuildPhase;
			buildActionMask = 2147483647;
			files = (
				D61BCE981E8BEF9B00991275 /* ViewController.swift in Sources */,
				D687D7CB1EB0F05E0074955B /* Connexion.swift in Sources */,
				D61BCE961E8BEF9B00991275 /* AppDelegate.swift in Sources */,
			);
			runOnlyForDeploymentPostprocessing = 0;
		};
/* End PBXSourcesBuildPhase section */

/* Begin PBXVariantGroup section */
		D61BCE991E8BEF9B00991275 /* Main.storyboard */ = {
			isa = PBXVariantGroup;
			children = (
				D61BCE9A1E8BEF9B00991275 /* Base */,
			);
			name = Main.storyboard;
			sourceTree = "<group>";
		};
		D61BCE9E1E8BEF9B00991275 /* LaunchScreen.storyboard */ = {
			isa = PBXVariantGroup;
			children = (
				D61BCE9F1E8BEF9B00991275 /* Base */,
			);
			name = LaunchScreen.storyboard;
			sourceTree = "<group>";
		};
/* End PBXVariantGroup section */

/* Begin XCBuildConfiguration section */
		D61BCEA21E8BEF9B00991275 /* Debug */ = {
			isa = XCBuildConfiguration;
			buildSettings = {
				ALWAYS_SEARCH_USER_PATHS = NO;
				CLANG_ANALYZER_NONNULL = YES;
				CLANG_CXX_LANGUAGE_STANDARD = "gnu++0x";
				CLANG_CXX_LIBRARY = "libc++";
				CLANG_ENABLE_MODULES = YES;
				CLANG_ENABLE_OBJC_ARC = YES;
				CLANG_WARN_BOOL_CONVERSION = YES;
				CLANG_WARN_CONSTANT_CONVERSION = YES;
				CLANG_WARN_DIRECT_OBJC_ISA_USAGE = YES_ERROR;
				CLANG_WARN_DOCUMENTATION_COMMENTS = YES;
				CLANG_WARN_EMPTY_BODY = YES;
				CLANG_WARN_ENUM_CONVERSION = YES;
				CLANG_WARN_INFINITE_RECURSION = YES;
				CLANG_WARN_INT_CONVERSION = YES;
				CLANG_WARN_OBJC_ROOT_CLASS = YES_ERROR;
				CLANG_WARN_SUSPICIOUS_MOVES = YES;
				CLANG_WARN_UNREACHABLE_CODE = YES;
				CLANG_WARN__DUPLICATE_METHOD_MATCH = YES;
				"CODE_SIGN_IDENTITY[sdk=iphoneos*]" = "iPhone Developer";
				COPY_PHASE_STRIP = NO;
				DEBUG_INFORMATION_FORMAT = dwarf;
				ENABLE_STRICT_OBJC_MSGSEND = YES;
				ENABLE_TESTABILITY = YES;
				GCC_C_LANGUAGE_STANDARD = gnu99;
				GCC_DYNAMIC_NO_PIC = NO;
				GCC_NO_COMMON_BLOCKS = YES;
				GCC_OPTIMIZATION_LEVEL = 0;
				GCC_PREPROCESSOR_DEFINITIONS = (
					"DEBUG=1",
					"$(inherited)",
				);
				GCC_WARN_64_TO_32_BIT_CONVERSION = YES;
				GCC_WARN_ABOUT_RETURN_TYPE = YES_ERROR;
				GCC_WARN_UNDECLARED_SELECTOR = YES;
				GCC_WARN_UNINITIALIZED_AUTOS = YES_AGGRESSIVE;
				GCC_WARN_UNUSED_FUNCTION = YES;
				GCC_WARN_UNUSED_VARIABLE = YES;
				IPHONEOS_DEPLOYMENT_TARGET = 10.0;
				MTL_ENABLE_DEBUG_INFO = YES;
				ONLY_ACTIVE_ARCH = YES;
				SDKROOT = iphoneos;
				SWIFT_ACTIVE_COMPILATION_CONDITIONS = DEBUG;
				SWIFT_OPTIMIZATION_LEVEL = "-Onone";
			};
			name = Debug;
		};
		D61BCEA31E8BEF9B00991275 /* Release */ = {
			isa = XCBuildConfiguration;
			buildSettings = {
				ALWAYS_SEARCH_USER_PATHS = NO;
				CLANG_ANALYZER_NONNULL = YES;
				CLANG_CXX_LANGUAGE_STANDARD = "gnu++0x";
				CLANG_CXX_LIBRARY = "libc++";
				CLANG_ENABLE_MODULES = YES;
				CLANG_ENABLE_OBJC_ARC = YES;
				CLANG_WARN_BOOL_CONVERSION = YES;
				CLANG_WARN_CONSTANT_CONVERSION = YES;
				CLANG_WARN_DIRECT_OBJC_ISA_USAGE = YES_ERROR;
				CLANG_WARN_DOCUMENTATION_COMMENTS = YES;
				CLANG_WARN_EMPTY_BODY = YES;
				CLANG_WARN_ENUM_CONVERSION = YES;
				CLANG_WARN_INFINITE_RECURSION = YES;
				CLANG_WARN_INT_CONVERSION = YES;
				CLANG_WARN_OBJC_ROOT_CLASS = YES_ERROR;
				CLANG_WARN_SUSPICIOUS_MOVES = YES;
				CLANG_WARN_UNREACHABLE_CODE = YES;
				CLANG_WARN__DUPLICATE_METHOD_MATCH = YES;
				"CODE_SIGN_IDENTITY[sdk=iphoneos*]" = "iPhone Developer";
				COPY_PHASE_STRIP = NO;
				DEBUG_INFORMATION_FORMAT = "dwarf-with-dsym";
				ENABLE_NS_ASSERTIONS = NO;
				ENABLE_STRICT_OBJC_MSGSEND = YES;
				GCC_C_LANGUAGE_STANDARD = gnu99;
				GCC_NO_COMMON_BLOCKS = YES;
				GCC_WARN_64_TO_32_BIT_CONVERSION = YES;
				GCC_WARN_ABOUT_RETURN_TYPE = YES_ERROR;
				GCC_WARN_UNDECLARED_SELECTOR = YES;
				GCC_WARN_UNINITIALIZED_AUTOS = YES_AGGRESSIVE;
				GCC_WARN_UNUSED_FUNCTION = YES;
				GCC_WARN_UNUSED_VARIABLE = YES;
				IPHONEOS_DEPLOYMENT_TARGET = 10.0;
				MTL_ENABLE_DEBUG_INFO = NO;
				SDKROOT = iphoneos;
				SWIFT_OPTIMIZATION_LEVEL = "-Owholemodule";
				VALIDATE_PRODUCT = YES;
			};
			name = Release;
		};
		D61BCEA51E8BEF9B00991275 /* Debug */ = {
			isa = XCBuildConfiguration;
			buildSettings = {
				ASSETCATALOG_COMPILER_APPICON_NAME = AppIcon;
				INFOPLIST_FILE = iMapContacts/Info.plist;
				LD_RUNPATH_SEARCH_PATHS = "$(inherited) @executable_path/Frameworks";
				PRODUCT_BUNDLE_IDENTIFIER = TestIHM.iMapContacts;
				PRODUCT_NAME = "$(TARGET_NAME)";
				SWIFT_VERSION = 3.0;
			};
			name = Debug;
		};
		D61BCEA61E8BEF9B00991275 /* Release */ = {
			isa = XCBuildConfiguration;
			buildSettings = {
				ASSETCATALOG_COMPILER_APPICON_NAME = AppIcon;
				INFOPLIST_FILE = iMapContacts/Info.plist;
				LD_RUNPATH_SEARCH_PATHS = "$(inherited) @executable_path/Frameworks";
				PRODUCT_BUNDLE_IDENTIFIER = TestIHM.iMapContacts;
				PRODUCT_NAME = "$(TARGET_NAME)";
				SWIFT_VERSION = 3.0;
			};
			name = Release;
		};
/* End XCBuildConfiguration section */

/* Begin XCConfigurationList section */
		D61BCE8D1E8BEF9B00991275 /* Build configuration list for PBXProject "iMapContacts" */ = {
			isa = XCConfigurationList;
			buildConfigurations = (
				D61BCEA21E8BEF9B00991275 /* Debug */,
				D61BCEA31E8BEF9B00991275 /* Release */,
			);
			defaultConfigurationIsVisible = 0;
			defaultConfigurationName = Release;
		};
		D61BCEA41E8BEF9B00991275 /* Build configuration list for PBXNativeTarget "iMapContacts" */ = {
			isa = XCConfigurationList;
			buildConfigurations = (
				D61BCEA51E8BEF9B00991275 /* Debug */,
				D61BCEA61E8BEF9B00991275 /* Release */,
			);
			defaultConfigurationIsVisible = 0;
			defaultConfigurationName = Release;
		};
/* End XCConfigurationList section */
	};
	rootObject = D61BCE8A1E8BEF9B00991275 /* Project object */;
}
