// !$*UTF8*$!
{
	archiveVersion = 1;
	classes = {
	};
	objectVersion = 46;
	objects = {

/* Begin PBXBuildFile section */
		D60A26401EBA0E9000A3048F /* Contacts.swift in Sources */ = {isa = PBXBuildFile; fileRef = D60A263F1EBA0E9000A3048F /* Contacts.swift */; };
		D626C9081EC496EE003BAD9C /* DataTask.swift in Sources */ = {isa = PBXBuildFile; fileRef = D626C9071EC496EE003BAD9C /* DataTask.swift */; };
		D671541A1EB2286100017D55 /* AppDelegate.swift in Sources */ = {isa = PBXBuildFile; fileRef = D67154191EB2286100017D55 /* AppDelegate.swift */; };
		D671541C1EB2286100017D55 /* Connexion.swift in Sources */ = {isa = PBXBuildFile; fileRef = D671541B1EB2286100017D55 /* Connexion.swift */; };
		D671541F1EB2286100017D55 /* Main.storyboard in Resources */ = {isa = PBXBuildFile; fileRef = D671541D1EB2286100017D55 /* Main.storyboard */; };
		D67154211EB2286100017D55 /* Assets.xcassets in Resources */ = {isa = PBXBuildFile; fileRef = D67154201EB2286100017D55 /* Assets.xcassets */; };
		D671542E1EB228F000017D55 /* Map.swift in Sources */ = {isa = PBXBuildFile; fileRef = D671542D1EB228F000017D55 /* Map.swift */; };
		D67154301EB2290B00017D55 /* Inscription.swift in Sources */ = {isa = PBXBuildFile; fileRef = D671542F1EB2290B00017D55 /* Inscription.swift */; };
		D67154331EB2462700017D55 /* MapKit.framework in Frameworks */ = {isa = PBXBuildFile; fileRef = D67154321EB2462700017D55 /* MapKit.framework */; };
		D67154351EB2543600017D55 /* CoreLocation.framework in Frameworks */ = {isa = PBXBuildFile; fileRef = D67154341EB2543600017D55 /* CoreLocation.framework */; };
		D695D0341EBB7BD50001FD91 /* UrlUtils.swift in Sources */ = {isa = PBXBuildFile; fileRef = D695D0331EBB7BD50001FD91 /* UrlUtils.swift */; };
		D6ACE2711EC2065D00A7FE41 /* Conf.swift in Sources */ = {isa = PBXBuildFile; fileRef = D6ACE26C1EC2065D00A7FE41 /* Conf.swift */; };
		D6ACE2721EC2065D00A7FE41 /* Friends.swift in Sources */ = {isa = PBXBuildFile; fileRef = D6ACE26D1EC2065D00A7FE41 /* Friends.swift */; };
		D6ACE2731EC2065D00A7FE41 /* HttpMethod.swift in Sources */ = {isa = PBXBuildFile; fileRef = D6ACE26E1EC2065D00A7FE41 /* HttpMethod.swift */; };
		D6ACE2741EC2065D00A7FE41 /* Pos.swift in Sources */ = {isa = PBXBuildFile; fileRef = D6ACE26F1EC2065D00A7FE41 /* Pos.swift */; };
		D6ACE2751EC2065D00A7FE41 /* User.swift in Sources */ = {isa = PBXBuildFile; fileRef = D6ACE2701EC2065D00A7FE41 /* User.swift */; };
		D6ACE2781EC220C100A7FE41 /* AlertView.swift in Sources */ = {isa = PBXBuildFile; fileRef = D6ACE2771EC220C100A7FE41 /* AlertView.swift */; };
		D6C7E8CE1EC31C2B0031BDD8 /* visugpx_fbxVUtCKLT.gpx in Resources */ = {isa = PBXBuildFile; fileRef = D6C7E8CD1EC31C2B0031BDD8 /* visugpx_fbxVUtCKLT.gpx */; };
/* End PBXBuildFile section */

/* Begin PBXFileReference section */
		D60A263F1EBA0E9000A3048F /* Contacts.swift */ = {isa = PBXFileReference; fileEncoding = 4; lastKnownFileType = sourcecode.swift; path = Contacts.swift; sourceTree = "<group>"; };
		D626C9071EC496EE003BAD9C /* DataTask.swift */ = {isa = PBXFileReference; fileEncoding = 4; lastKnownFileType = sourcecode.swift; path = DataTask.swift; sourceTree = "<group>"; };
		D67154161EB2286100017D55 /* iMapContacts.app */ = {isa = PBXFileReference; explicitFileType = wrapper.application; includeInIndex = 0; path = iMapContacts.app; sourceTree = BUILT_PRODUCTS_DIR; };
		D67154191EB2286100017D55 /* AppDelegate.swift */ = {isa = PBXFileReference; lastKnownFileType = sourcecode.swift; path = AppDelegate.swift; sourceTree = "<group>"; };
		D671541B1EB2286100017D55 /* Connexion.swift */ = {isa = PBXFileReference; lastKnownFileType = sourcecode.swift; path = Connexion.swift; sourceTree = "<group>"; };
		D671541E1EB2286100017D55 /* Base */ = {isa = PBXFileReference; lastKnownFileType = file.storyboard; name = Base; path = Base.lproj/Main.storyboard; sourceTree = "<group>"; };
		D67154201EB2286100017D55 /* Assets.xcassets */ = {isa = PBXFileReference; lastKnownFileType = folder.assetcatalog; path = Assets.xcassets; sourceTree = "<group>"; };
		D67154251EB2286100017D55 /* Info.plist */ = {isa = PBXFileReference; lastKnownFileType = text.plist.xml; path = Info.plist; sourceTree = "<group>"; };
		D671542D1EB228F000017D55 /* Map.swift */ = {isa = PBXFileReference; fileEncoding = 4; lastKnownFileType = sourcecode.swift; path = Map.swift; sourceTree = "<group>"; };
		D671542F1EB2290B00017D55 /* Inscription.swift */ = {isa = PBXFileReference; fileEncoding = 4; lastKnownFileType = sourcecode.swift; path = Inscription.swift; sourceTree = "<group>"; };
		D67154321EB2462700017D55 /* MapKit.framework */ = {isa = PBXFileReference; lastKnownFileType = wrapper.framework; name = MapKit.framework; path = System/Library/Frameworks/MapKit.framework; sourceTree = SDKROOT; };
		D67154341EB2543600017D55 /* CoreLocation.framework */ = {isa = PBXFileReference; lastKnownFileType = wrapper.framework; name = CoreLocation.framework; path = System/Library/Frameworks/CoreLocation.framework; sourceTree = SDKROOT; };
		D695D0331EBB7BD50001FD91 /* UrlUtils.swift */ = {isa = PBXFileReference; fileEncoding = 4; lastKnownFileType = sourcecode.swift; path = UrlUtils.swift; sourceTree = "<group>"; };
		D6ACE26C1EC2065D00A7FE41 /* Conf.swift */ = {isa = PBXFileReference; fileEncoding = 4; lastKnownFileType = sourcecode.swift; path = Conf.swift; sourceTree = "<group>"; };
		D6ACE26D1EC2065D00A7FE41 /* Friends.swift */ = {isa = PBXFileReference; fileEncoding = 4; lastKnownFileType = sourcecode.swift; path = Friends.swift; sourceTree = "<group>"; };
		D6ACE26E1EC2065D00A7FE41 /* HttpMethod.swift */ = {isa = PBXFileReference; fileEncoding = 4; lastKnownFileType = sourcecode.swift; path = HttpMethod.swift; sourceTree = "<group>"; };
		D6ACE26F1EC2065D00A7FE41 /* Pos.swift */ = {isa = PBXFileReference; fileEncoding = 4; lastKnownFileType = sourcecode.swift; path = Pos.swift; sourceTree = "<group>"; };
		D6ACE2701EC2065D00A7FE41 /* User.swift */ = {isa = PBXFileReference; fileEncoding = 4; lastKnownFileType = sourcecode.swift; path = User.swift; sourceTree = "<group>"; };
		D6ACE2771EC220C100A7FE41 /* AlertView.swift */ = {isa = PBXFileReference; fileEncoding = 4; lastKnownFileType = sourcecode.swift; path = AlertView.swift; sourceTree = "<group>"; };
		D6C7E8CD1EC31C2B0031BDD8 /* visugpx_fbxVUtCKLT.gpx */ = {isa = PBXFileReference; fileEncoding = 4; lastKnownFileType = text.xml; path = visugpx_fbxVUtCKLT.gpx; sourceTree = "<group>"; };
/* End PBXFileReference section */

/* Begin PBXFrameworksBuildPhase section */
		D67154131EB2286100017D55 /* Frameworks */ = {
			isa = PBXFrameworksBuildPhase;
			buildActionMask = 2147483647;
			files = (
				D67154351EB2543600017D55 /* CoreLocation.framework in Frameworks */,
				D67154331EB2462700017D55 /* MapKit.framework in Frameworks */,
			);
			runOnlyForDeploymentPostprocessing = 0;
		};
/* End PBXFrameworksBuildPhase section */

/* Begin PBXGroup section */
		D671540D1EB2286100017D55 = {
			isa = PBXGroup;
			children = (
				D6C7E8CD1EC31C2B0031BDD8 /* visugpx_fbxVUtCKLT.gpx */,
				D67154181EB2286100017D55 /* iMapContacts */,
				D67154171EB2286100017D55 /* Products */,
				D67154311EB2462700017D55 /* Frameworks */,
			);
			sourceTree = "<group>";
		};
		D67154171EB2286100017D55 /* Products */ = {
			isa = PBXGroup;
			children = (
				D67154161EB2286100017D55 /* iMapContacts.app */,
			);
			name = Products;
			sourceTree = "<group>";
		};
		D67154181EB2286100017D55 /* iMapContacts */ = {
			isa = PBXGroup;
			children = (
				D67154191EB2286100017D55 /* AppDelegate.swift */,
				D671541D1EB2286100017D55 /* Main.storyboard */,
				D67154201EB2286100017D55 /* Assets.xcassets */,
				D67154251EB2286100017D55 /* Info.plist */,
				D671541B1EB2286100017D55 /* Connexion.swift */,
				D671542D1EB228F000017D55 /* Map.swift */,
				D671542F1EB2290B00017D55 /* Inscription.swift */,
				D60A263F1EBA0E9000A3048F /* Contacts.swift */,
				D695D0331EBB7BD50001FD91 /* UrlUtils.swift */,
				D6ACE2771EC220C100A7FE41 /* AlertView.swift */,
				D6ACE2761EC214A600A7FE41 /* Collections */,
				D626C9071EC496EE003BAD9C /* DataTask.swift */,
			);
			path = iMapContacts;
			sourceTree = "<group>";
		};
		D67154311EB2462700017D55 /* Frameworks */ = {
			isa = PBXGroup;
			children = (
				D67154341EB2543600017D55 /* CoreLocation.framework */,
				D67154321EB2462700017D55 /* MapKit.framework */,
			);
			name = Frameworks;
			sourceTree = "<group>";
		};
		D6ACE2761EC214A600A7FE41 /* Collections */ = {
			isa = PBXGroup;
			children = (
				D6ACE26C1EC2065D00A7FE41 /* Conf.swift */,
				D6ACE26D1EC2065D00A7FE41 /* Friends.swift */,
				D6ACE26E1EC2065D00A7FE41 /* HttpMethod.swift */,
				D6ACE26F1EC2065D00A7FE41 /* Pos.swift */,
				D6ACE2701EC2065D00A7FE41 /* User.swift */,
			);
			name = Collections;
			sourceTree = "<group>";
		};
/* End PBXGroup section */

/* Begin PBXNativeTarget section */
		D67154151EB2286100017D55 /* iMapContacts */ = {
			isa = PBXNativeTarget;
			buildConfigurationList = D67154281EB2286100017D55 /* Build configuration list for PBXNativeTarget "iMapContacts" */;
			buildPhases = (
				D67154121EB2286100017D55 /* Sources */,
				D67154131EB2286100017D55 /* Frameworks */,
				D67154141EB2286100017D55 /* Resources */,
			);
			buildRules = (
			);
			dependencies = (
			);
			name = iMapContacts;
			productName = iMapContacts;
			productReference = D67154161EB2286100017D55 /* iMapContacts.app */;
			productType = "com.apple.product-type.application";
		};
/* End PBXNativeTarget section */

/* Begin PBXProject section */
		D671540E1EB2286100017D55 /* Project object */ = {
			isa = PBXProject;
			attributes = {
				LastSwiftUpdateCheck = 0800;
				LastUpgradeCheck = 0800;
				ORGANIZATIONNAME = m2sar;
				TargetAttributes = {
					D67154151EB2286100017D55 = {
						CreatedOnToolsVersion = 8.0;
						ProvisioningStyle = Automatic;
					};
				};
			};
			buildConfigurationList = D67154111EB2286100017D55 /* Build configuration list for PBXProject "iMapContacts" */;
			compatibilityVersion = "Xcode 3.2";
			developmentRegion = English;
			hasScannedForEncodings = 0;
			knownRegions = (
				en,
				Base,
			);
			mainGroup = D671540D1EB2286100017D55;
			productRefGroup = D67154171EB2286100017D55 /* Products */;
			projectDirPath = "";
			projectRoot = "";
			targets = (
				D67154151EB2286100017D55 /* iMapContacts */,
			);
		};
/* End PBXProject section */

/* Begin PBXResourcesBuildPhase section */
		D67154141EB2286100017D55 /* Resources */ = {
			isa = PBXResourcesBuildPhase;
			buildActionMask = 2147483647;
			files = (
				D67154211EB2286100017D55 /* Assets.xcassets in Resources */,
				D6C7E8CE1EC31C2B0031BDD8 /* visugpx_fbxVUtCKLT.gpx in Resources */,
				D671541F1EB2286100017D55 /* Main.storyboard in Resources */,
			);
			runOnlyForDeploymentPostprocessing = 0;
		};
/* End PBXResourcesBuildPhase section */

/* Begin PBXSourcesBuildPhase section */
		D67154121EB2286100017D55 /* Sources */ = {
			isa = PBXSourcesBuildPhase;
			buildActionMask = 2147483647;
			files = (
				D6ACE2741EC2065D00A7FE41 /* Pos.swift in Sources */,
				D671541C1EB2286100017D55 /* Connexion.swift in Sources */,
				D671542E1EB228F000017D55 /* Map.swift in Sources */,
				D67154301EB2290B00017D55 /* Inscription.swift in Sources */,
				D6ACE2721EC2065D00A7FE41 /* Friends.swift in Sources */,
				D6ACE2781EC220C100A7FE41 /* AlertView.swift in Sources */,
				D6ACE2731EC2065D00A7FE41 /* HttpMethod.swift in Sources */,
				D626C9081EC496EE003BAD9C /* DataTask.swift in Sources */,
				D671541A1EB2286100017D55 /* AppDelegate.swift in Sources */,
				D6ACE2711EC2065D00A7FE41 /* Conf.swift in Sources */,
				D60A26401EBA0E9000A3048F /* Contacts.swift in Sources */,
				D695D0341EBB7BD50001FD91 /* UrlUtils.swift in Sources */,
				D6ACE2751EC2065D00A7FE41 /* User.swift in Sources */,
			);
			runOnlyForDeploymentPostprocessing = 0;
		};
/* End PBXSourcesBuildPhase section */

/* Begin PBXVariantGroup section */
		D671541D1EB2286100017D55 /* Main.storyboard */ = {
			isa = PBXVariantGroup;
			children = (
				D671541E1EB2286100017D55 /* Base */,
			);
			name = Main.storyboard;
			sourceTree = "<group>";
		};
/* End PBXVariantGroup section */

/* Begin XCBuildConfiguration section */
		D67154261EB2286100017D55 /* Debug */ = {
			isa = XCBuildConfiguration;
			buildSettings = {
				ALWAYS_SEARCH_USER_PATHS = NO;
				CLANG_ANALYZER_NONNULL = YES;
				CLANG_CXX_LANGUAGE_STANDARD = "gnu++0x";
				CLANG_CXX_LIBRARY = "libc++";
				CLANG_ENABLE_MODULES = YES;
				CLANG_ENABLE_OBJC_ARC = YES;
				CLANG_WARN_BOOL_CONVERSION = YES;
				CLANG_WARN_CONSTANT_CONVERSION = YES;
				CLANG_WARN_DIRECT_OBJC_ISA_USAGE = YES_ERROR;
				CLANG_WARN_DOCUMENTATION_COMMENTS = YES;
				CLANG_WARN_EMPTY_BODY = YES;
				CLANG_WARN_ENUM_CONVERSION = YES;
				CLANG_WARN_INFINITE_RECURSION = YES;
				CLANG_WARN_INT_CONVERSION = YES;
				CLANG_WARN_OBJC_ROOT_CLASS = YES_ERROR;
				CLANG_WARN_SUSPICIOUS_MOVES = YES;
				CLANG_WARN_UNREACHABLE_CODE = YES;
				CLANG_WARN__DUPLICATE_METHOD_MATCH = YES;
				"CODE_SIGN_IDENTITY[sdk=iphoneos*]" = "iPhone Developer";
				COPY_PHASE_STRIP = NO;
				DEBUG_INFORMATION_FORMAT = dwarf;
				ENABLE_STRICT_OBJC_MSGSEND = YES;
				ENABLE_TESTABILITY = YES;
				GCC_C_LANGUAGE_STANDARD = gnu99;
				GCC_DYNAMIC_NO_PIC = NO;
				GCC_NO_COMMON_BLOCKS = YES;
				GCC_OPTIMIZATION_LEVEL = 0;
				GCC_PREPROCESSOR_DEFINITIONS = (
					"DEBUG=1",
					"$(inherited)",
				);
				GCC_WARN_64_TO_32_BIT_CONVERSION = YES;
				GCC_WARN_ABOUT_RETURN_TYPE = YES_ERROR;
				GCC_WARN_UNDECLARED_SELECTOR = YES;
				GCC_WARN_UNINITIALIZED_AUTOS = YES_AGGRESSIVE;
				GCC_WARN_UNUSED_FUNCTION = YES;
				GCC_WARN_UNUSED_VARIABLE = YES;
				IPHONEOS_DEPLOYMENT_TARGET = 10.0;
				MTL_ENABLE_DEBUG_INFO = YES;
				ONLY_ACTIVE_ARCH = YES;
				SDKROOT = iphoneos;
				SWIFT_ACTIVE_COMPILATION_CONDITIONS = DEBUG;
				SWIFT_OPTIMIZATION_LEVEL = "-Onone";
			};
			name = Debug;
		};
		D67154271EB2286100017D55 /* Release */ = {
			isa = XCBuildConfiguration;
			buildSettings = {
				ALWAYS_SEARCH_USER_PATHS = NO;
				CLANG_ANALYZER_NONNULL = YES;
				CLANG_CXX_LANGUAGE_STANDARD = "gnu++0x";
				CLANG_CXX_LIBRARY = "libc++";
				CLANG_ENABLE_MODULES = YES;
				CLANG_ENABLE_OBJC_ARC = YES;
				CLANG_WARN_BOOL_CONVERSION = YES;
				CLANG_WARN_CONSTANT_CONVERSION = YES;
				CLANG_WARN_DIRECT_OBJC_ISA_USAGE = YES_ERROR;
				CLANG_WARN_DOCUMENTATION_COMMENTS = YES;
				CLANG_WARN_EMPTY_BODY = YES;
				CLANG_WARN_ENUM_CONVERSION = YES;
				CLANG_WARN_INFINITE_RECURSION = YES;
				CLANG_WARN_INT_CONVERSION = YES;
				CLANG_WARN_OBJC_ROOT_CLASS = YES_ERROR;
				CLANG_WARN_SUSPICIOUS_MOVES = YES;
				CLANG_WARN_UNREACHABLE_CODE = YES;
				CLANG_WARN__DUPLICATE_METHOD_MATCH = YES;
				"CODE_SIGN_IDENTITY[sdk=iphoneos*]" = "iPhone Developer";
				COPY_PHASE_STRIP = NO;
				DEBUG_INFORMATION_FORMAT = "dwarf-with-dsym";
				ENABLE_NS_ASSERTIONS = NO;
				ENABLE_STRICT_OBJC_MSGSEND = YES;
				GCC_C_LANGUAGE_STANDARD = gnu99;
				GCC_NO_COMMON_BLOCKS = YES;
				GCC_WARN_64_TO_32_BIT_CONVERSION = YES;
				GCC_WARN_ABOUT_RETURN_TYPE = YES_ERROR;
				GCC_WARN_UNDECLARED_SELECTOR = YES;
				GCC_WARN_UNINITIALIZED_AUTOS = YES_AGGRESSIVE;
				GCC_WARN_UNUSED_FUNCTION = YES;
				GCC_WARN_UNUSED_VARIABLE = YES;
				IPHONEOS_DEPLOYMENT_TARGET = 10.0;
				MTL_ENABLE_DEBUG_INFO = NO;
				SDKROOT = iphoneos;
				SWIFT_OPTIMIZATION_LEVEL = "-Owholemodule";
				VALIDATE_PRODUCT = YES;
			};
			name = Release;
		};
		D67154291EB2286100017D55 /* Debug */ = {
			isa = XCBuildConfiguration;
			buildSettings = {
				ASSETCATALOG_COMPILER_APPICON_NAME = AppIcon;
				INFOPLIST_FILE = iMapContacts/Info.plist;
				LD_RUNPATH_SEARCH_PATHS = "$(inherited) @executable_path/Frameworks";
				PRODUCT_BUNDLE_IDENTIFIER = TestIHM.iMapContacts;
				PRODUCT_NAME = "$(TARGET_NAME)";
				SWIFT_VERSION = 3.0;
			};
			name = Debug;
		};
		D671542A1EB2286100017D55 /* Release */ = {
			isa = XCBuildConfiguration;
			buildSettings = {
				ASSETCATALOG_COMPILER_APPICON_NAME = AppIcon;
				INFOPLIST_FILE = iMapContacts/Info.plist;
				LD_RUNPATH_SEARCH_PATHS = "$(inherited) @executable_path/Frameworks";
				PRODUCT_BUNDLE_IDENTIFIER = TestIHM.iMapContacts;
				PRODUCT_NAME = "$(TARGET_NAME)";
				SWIFT_VERSION = 3.0;
			};
			name = Release;
		};
/* End XCBuildConfiguration section */

/* Begin XCConfigurationList section */
		D67154111EB2286100017D55 /* Build configuration list for PBXProject "iMapContacts" */ = {
			isa = XCConfigurationList;
			buildConfigurations = (
				D67154261EB2286100017D55 /* Debug */,
				D67154271EB2286100017D55 /* Release */,
			);
			defaultConfigurationIsVisible = 0;
			defaultConfigurationName = Release;
		};
		D67154281EB2286100017D55 /* Build configuration list for PBXNativeTarget "iMapContacts" */ = {
			isa = XCConfigurationList;
			buildConfigurations = (
				D67154291EB2286100017D55 /* Debug */,
				D671542A1EB2286100017D55 /* Release */,
			);
			defaultConfigurationIsVisible = 0;
			defaultConfigurationName = Release;
		};
/* End XCConfigurationList section */
	};
	rootObject = D671540E1EB2286100017D55 /* Project object */;
}
